
Microsoft Visual Studio Solution File, Format Version 12.00
# Visual Studio Version 16
VisualStudioVersion = 16.0.31613.86
MinimumVisualStudioVersion = 10.0.40219.1
Project("{FAE04EC0-301F-11D3-BF4B-00C04F79EFBC}") = "Practo_web_Mini_Project", "Practo_web_Mini_Project.csproj", "{196ADB90-585A-473D-AA0E-A1CCC8661327}"
EndProject
Global
	GlobalSection(SolutionConfigurationPlatforms) = preSolution
		Debug|Any CPU = Debug|Any CPU
		Release|Any CPU = Release|Any CPU
	EndGlobalSection
	GlobalSection(ProjectConfigurationPlatforms) = postSolution
		{196ADB90-585A-473D-AA0E-A1CCC8661327}.Debug|Any CPU.ActiveCfg = Debug|Any CPU
		{196ADB90-585A-473D-AA0E-A1CCC8661327}.Debug|Any CPU.Build.0 = Debug|Any CPU
		{196ADB90-585A-473D-AA0E-A1CCC8661327}.Release|Any CPU.ActiveCfg = Release|Any CPU
		{196ADB90-585A-473D-AA0E-A1CCC8661327}.Release|Any CPU.Build.0 = Release|Any CPU
	EndGlobalSection
	GlobalSection(SolutionProperties) = preSolution
		HideSolutionNode = FALSE
	EndGlobalSection
	GlobalSection(ExtensibilityGlobals) = postSolution
		SolutionGuid = {728547A7-974F-40DB-BFE9-FC8829BC291C}
	EndGlobalSection
EndGlobal
